
Microsoft Visual Studio Solution File, Format Version 12.00
# Visual Studio Version 17
VisualStudioVersion = 17.8.34322.80
MinimumVisualStudioVersion = 10.0.40219.1
Project("{FAE04EC0-301F-11D3-BF4B-00C04F79EFBC}") = "HW_1", "HW_1.csproj", "{0F17D580-05E1-4B96-9DDC-6E533B466C67}"
EndProject
Global
	GlobalSection(SolutionConfigurationPlatforms) = preSolution
		Debug|Any CPU = Debug|Any CPU
		Release|Any CPU = Release|Any CPU
	EndGlobalSection
	GlobalSection(ProjectConfigurationPlatforms) = postSolution
		{0F17D580-05E1-4B96-9DDC-6E533B466C67}.Debug|Any CPU.ActiveCfg = Debug|Any CPU
		{0F17D580-05E1-4B96-9DDC-6E533B466C67}.Debug|Any CPU.Build.0 = Debug|Any CPU
		{0F17D580-05E1-4B96-9DDC-6E533B466C67}.Release|Any CPU.ActiveCfg = Release|Any CPU
		{0F17D580-05E1-4B96-9DDC-6E533B466C67}.Release|Any CPU.Build.0 = Release|Any CPU
	EndGlobalSection
	GlobalSection(SolutionProperties) = preSolution
		HideSolutionNode = FALSE
	EndGlobalSection
	GlobalSection(ExtensibilityGlobals) = postSolution
		SolutionGuid = {34A4B633-9060-4222-8AAE-7BE5141EBC79}
	EndGlobalSection
EndGlobal
