
Microsoft Visual Studio Solution File, Format Version 12.00
# Visual Studio Version 17
VisualStudioVersion = 17.8.34316.72
MinimumVisualStudioVersion = 10.0.40219.1
Project("{FAE04EC0-301F-11D3-BF4B-00C04F79EFBC}") = "RequestProcessingPipeline", "RequestProcessingPipeline\RequestProcessingPipeline.csproj", "{6EE0D727-D543-4FEC-90B7-53B6C4F14AE6}"
EndProject
Global
	GlobalSection(SolutionConfigurationPlatforms) = preSolution
		Debug|Any CPU = Debug|Any CPU
		Release|Any CPU = Release|Any CPU
	EndGlobalSection
	GlobalSection(ProjectConfigurationPlatforms) = postSolution
		{6EE0D727-D543-4FEC-90B7-53B6C4F14AE6}.Debug|Any CPU.ActiveCfg = Debug|Any CPU
		{6EE0D727-D543-4FEC-90B7-53B6C4F14AE6}.Debug|Any CPU.Build.0 = Debug|Any CPU
		{6EE0D727-D543-4FEC-90B7-53B6C4F14AE6}.Release|Any CPU.ActiveCfg = Release|Any CPU
		{6EE0D727-D543-4FEC-90B7-53B6C4F14AE6}.Release|Any CPU.Build.0 = Release|Any CPU
	EndGlobalSection
	GlobalSection(SolutionProperties) = preSolution
		HideSolutionNode = FALSE
	EndGlobalSection
	GlobalSection(ExtensibilityGlobals) = postSolution
		SolutionGuid = {06BB27A2-C426-49AA-94D5-AA907EC08151}
	EndGlobalSection
EndGlobal
